PODS:
  - AFNetworking (1.3.3)
  - CMPopTipView (2.2.0)
  - Mixpanel (2.3.4)
  - SWRevealViewController (1.1.3)

DEPENDENCIES:
  - AFNetworking (~> 1.3)
  - CMPopTipView (~> 2.2.0)
  - Mixpanel
  - SWRevealViewController (= 1.1.3)

SPEC CHECKSUMS:
  AFNetworking: 61fdd49e2ffe6380378df37b3b6e70630bb9dd66
  CMPopTipView: 1c8c3ce0ee71a873b85cb42321a10b9bf16d3ba4
  Mixpanel: 16e6f1d5f8aeb9282ee864e169557de0bd9549df
  SWRevealViewController: f3938dd33aca40faee29ed5dbe7126977d927479

COCOAPODS: 0.32.1
