// !$*UTF8*$!
{
	archiveVersion = 1;
	classes = {
	};
	objectVersion = 46;
	objects = {

/* Begin PBXBuildFile section */
		040AAB1218F19134006ACA84 /* header_23.png in Resources */ = {isa = PBXBuildFile; fileRef = 040AAB0D18F19134006ACA84 /* header_23.png */; };
		040AAB1318F19134006ACA84 /* header_24.png in Resources */ = {isa = PBXBuildFile; fileRef = 040AAB0E18F19134006ACA84 /* header_24.png */; };
		040AAB1418F19134006ACA84 /* header_25.png in Resources */ = {isa = PBXBuildFile; fileRef = 040AAB0F18F19134006ACA84 /* header_25.png */; };
		040AAB1518F19134006ACA84 /* header_26.png in Resources */ = {isa = PBXBuildFile; fileRef = 040AAB1018F19134006ACA84 /* header_26.png */; };
		040AAB1618F19134006ACA84 /* header_27.png in Resources */ = {isa = PBXBuildFile; fileRef = 040AAB1118F19134006ACA84 /* header_27.png */; };
		040AAB1818F1BDA8006ACA84 /* report_background.png in Resources */ = {isa = PBXBuildFile; fileRef = 040AAB1718F1BDA8006ACA84 /* report_background.png */; };
		040E856418DF776000FD3E56 /* stackexchange.com.png in Resources */ = {isa = PBXBuildFile; fileRef = 040E856018DF776000FD3E56 /* stackexchange.com.png */; };
		040E856518DF776000FD3E56 /* stackoverflow.com.png in Resources */ = {isa = PBXBuildFile; fileRef = 040E856118DF776000FD3E56 /* stackoverflow.com.png */; };
		040E856618DF776000FD3E56 /* www.careercup.com.png in Resources */ = {isa = PBXBuildFile; fileRef = 040E856218DF776000FD3E56 /* www.careercup.com.png */; };
		040E856718DF776000FD3E56 /* www.v2ex.com.png in Resources */ = {isa = PBXBuildFile; fileRef = 040E856318DF776000FD3E56 /* www.v2ex.com.png */; };
		0411B24E18E2F98600428AB1 /* ComponentUtil.m in Sources */ = {isa = PBXBuildFile; fileRef = 0411B24D18E2F98600428AB1 /* ComponentUtil.m */; };
		0411B25218E364EC00428AB1 /* news.ycombinator.com.png in Resources */ = {isa = PBXBuildFile; fileRef = 0411B24F18E364EC00428AB1 /* news.ycombinator.com.png */; };
		0411B25318E364EC00428AB1 /* www.quora.com.png in Resources */ = {isa = PBXBuildFile; fileRef = 0411B25018E364EC00428AB1 /* www.quora.com.png */; };
		0411B25418E364EC00428AB1 /* www.reddit.com.png in Resources */ = {isa = PBXBuildFile; fileRef = 0411B25118E364EC00428AB1 /* www.reddit.com.png */; };
		0411B25618E39F4200428AB1 /* thumbs_up2.png in Resources */ = {isa = PBXBuildFile; fileRef = 0411B25518E39F4200428AB1 /* thumbs_up2.png */; };
		0416B68418F0892F00397C7D /* header_1.png in Resources */ = {isa = PBXBuildFile; fileRef = 0416B67918F0892F00397C7D /* header_1.png */; };
		0416B68518F0892F00397C7D /* header_10.png in Resources */ = {isa = PBXBuildFile; fileRef = 0416B67A18F0892F00397C7D /* header_10.png */; };
		0416B68618F0892F00397C7D /* header_11.png in Resources */ = {isa = PBXBuildFile; fileRef = 0416B67B18F0892F00397C7D /* header_11.png */; };
		0416B68718F0892F00397C7D /* header_2.png in Resources */ = {isa = PBXBuildFile; fileRef = 0416B67C18F0892F00397C7D /* header_2.png */; };
		0416B68818F0892F00397C7D /* header_3.png in Resources */ = {isa = PBXBuildFile; fileRef = 0416B67D18F0892F00397C7D /* header_3.png */; };
		0416B68918F0892F00397C7D /* header_4.png in Resources */ = {isa = PBXBuildFile; fileRef = 0416B67E18F0892F00397C7D /* header_4.png */; };
		0416B68A18F0892F00397C7D /* header_5.png in Resources */ = {isa = PBXBuildFile; fileRef = 0416B67F18F0892F00397C7D /* header_5.png */; };
		0416B68B18F0892F00397C7D /* header_6.png in Resources */ = {isa = PBXBuildFile; fileRef = 0416B68018F0892F00397C7D /* header_6.png */; };
		0416B68C18F0892F00397C7D /* header_7.png in Resources */ = {isa = PBXBuildFile; fileRef = 0416B68118F0892F00397C7D /* header_7.png */; };
		0416B68D18F0892F00397C7D /* header_8.png in Resources */ = {isa = PBXBuildFile; fileRef = 0416B68218F0892F00397C7D /* header_8.png */; };
		0416B68E18F0892F00397C7D /* header_9.png in Resources */ = {isa = PBXBuildFile; fileRef = 0416B68318F0892F00397C7D /* header_9.png */; };
		0416B69018F094DF00397C7D /* header_12.png in Resources */ = {isa = PBXBuildFile; fileRef = 0416B68F18F094DF00397C7D /* header_12.png */; };
		0416B69418F0A5B100397C7D /* header_13.png in Resources */ = {isa = PBXBuildFile; fileRef = 0416B69118F0A5B100397C7D /* header_13.png */; };
		0416B69518F0A5B100397C7D /* header_14.png in Resources */ = {isa = PBXBuildFile; fileRef = 0416B69218F0A5B100397C7D /* header_14.png */; };
		0416B69618F0A5B100397C7D /* header_15.png in Resources */ = {isa = PBXBuildFile; fileRef = 0416B69318F0A5B100397C7D /* header_15.png */; };
		0416B69E18F0AB0000397C7D /* header_16.png in Resources */ = {isa = PBXBuildFile; fileRef = 0416B69718F0AB0000397C7D /* header_16.png */; };
		0416B69F18F0AB0000397C7D /* header_17.png in Resources */ = {isa = PBXBuildFile; fileRef = 0416B69818F0AB0000397C7D /* header_17.png */; };
		0416B6A018F0AB0000397C7D /* header_18.png in Resources */ = {isa = PBXBuildFile; fileRef = 0416B69918F0AB0000397C7D /* header_18.png */; };
		0416B6A118F0AB0000397C7D /* header_19.png in Resources */ = {isa = PBXBuildFile; fileRef = 0416B69A18F0AB0000397C7D /* header_19.png */; };
		0416B6A218F0AB0000397C7D /* header_20.png in Resources */ = {isa = PBXBuildFile; fileRef = 0416B69B18F0AB0000397C7D /* header_20.png */; };
		0416B6A418F0AB0000397C7D /* header_22.png in Resources */ = {isa = PBXBuildFile; fileRef = 0416B69D18F0AB0000397C7D /* header_22.png */; };
		0416B6A618F0AE8500397C7D /* header_21.png in Resources */ = {isa = PBXBuildFile; fileRef = 0416B6A518F0AE8500397C7D /* header_21.png */; };
		0416B6A818F0B14F00397C7D /* info.png in Resources */ = {isa = PBXBuildFile; fileRef = 0416B6A718F0B14F00397C7D /* info.png */; };
		0436CDE818E9EB5300130F79 /* Twitter.framework in Frameworks */ = {isa = PBXBuildFile; fileRef = 0436CDE718E9EB5300130F79 /* Twitter.framework */; };
		0436CDEB18EB131600130F79 /* libPods.a in Frameworks */ = {isa = PBXBuildFile; fileRef = 0436CDE918EB127D00130F79 /* libPods.a */; };
		04409A5318DB69670021F9C3 /* comments-512.png in Resources */ = {isa = PBXBuildFile; fileRef = 04409A4E18DB69670021F9C3 /* comments-512.png */; };
		04409A5418DB69670021F9C3 /* hearts-512.png in Resources */ = {isa = PBXBuildFile; fileRef = 04409A4F18DB69670021F9C3 /* hearts-512.png */; };
		04409A5518DB69670021F9C3 /* more-512.png in Resources */ = {isa = PBXBuildFile; fileRef = 04409A5018DB69670021F9C3 /* more-512.png */; };
		04409A5618DB69670021F9C3 /* thumb_down-512.png in Resources */ = {isa = PBXBuildFile; fileRef = 04409A5118DB69670021F9C3 /* thumb_down-512.png */; };
		04409A5718DB69670021F9C3 /* thumb_up-512.png in Resources */ = {isa = PBXBuildFile; fileRef = 04409A5218DB69670021F9C3 /* thumb_up-512.png */; };
		04409A6218DB6A8B0021F9C3 /* thumbs_down-512.png in Resources */ = {isa = PBXBuildFile; fileRef = 04409A6018DB6A8B0021F9C3 /* thumbs_down-512.png */; };
		04409A6318DB6A8B0021F9C3 /* thumbs_up-512.png in Resources */ = {isa = PBXBuildFile; fileRef = 04409A6118DB6A8B0021F9C3 /* thumbs_up-512.png */; };
		04409A6918DB6B240021F9C3 /* heart-512.png in Resources */ = {isa = PBXBuildFile; fileRef = 04409A6818DB6B240021F9C3 /* heart-512.png */; };
		0448466118E4700D00C3FEC7 /* feedback.png in Resources */ = {isa = PBXBuildFile; fileRef = 0448465E18E4700D00C3FEC7 /* feedback.png */; };
		0448466218E4700D00C3FEC7 /* hourglass.png in Resources */ = {isa = PBXBuildFile; fileRef = 0448465F18E4700D00C3FEC7 /* hourglass.png */; };
		0448466518E4784C00C3FEC7 /* icon.png in Resources */ = {isa = PBXBuildFile; fileRef = 0448466418E4784C00C3FEC7 /* icon.png */; };
		0448466718E47A2E00C3FEC7 /* figure.png in Resources */ = {isa = PBXBuildFile; fileRef = 0448466618E47A2E00C3FEC7 /* figure.png */; };
		0448466918E4B21100C3FEC7 /* coin2.png in Resources */ = {isa = PBXBuildFile; fileRef = 0448466818E4B21100C3FEC7 /* coin2.png */; };
		0448466B18E5CAC200C3FEC7 /* home.png in Resources */ = {isa = PBXBuildFile; fileRef = 0448466A18E5CAC200C3FEC7 /* home.png */; };
		0455B41318F6EF0A00A178D9 /* iAd.framework in Frameworks */ = {isa = PBXBuildFile; fileRef = 0455B41218F6EF0A00A178D9 /* iAd.framework */; };
		0455B41818F73F3700A178D9 /* feedback_highlighted.png in Resources */ = {isa = PBXBuildFile; fileRef = 0455B41418F73F3700A178D9 /* feedback_highlighted.png */; };
		0455B41918F73F3700A178D9 /* hourglass_highlighted.png in Resources */ = {isa = PBXBuildFile; fileRef = 0455B41518F73F3700A178D9 /* hourglass_highlighted.png */; };
		0455B41A18F73F3700A178D9 /* questions_highlighted.png in Resources */ = {isa = PBXBuildFile; fileRef = 0455B41618F73F3700A178D9 /* questions_highlighted.png */; };
		0455B41B18F73F3700A178D9 /* questions.png in Resources */ = {isa = PBXBuildFile; fileRef = 0455B41718F73F3700A178D9 /* questions.png */; };
		046E471118E0BFF900ACC618 /* coin.png in Resources */ = {isa = PBXBuildFile; fileRef = 046E471018E0BFF900ACC618 /* coin.png */; };
		0473C99818DCE1B800AC4DCD /* navigation_header.png in Resources */ = {isa = PBXBuildFile; fileRef = 0473C99718DCE1B800AC4DCD /* navigation_header.png */; };
		047B9BDF179EC19B00DADB55 /* MenuViewController.m in Sources */ = {isa = PBXBuildFile; fileRef = 04A7BDEC179EA84700E9D0BC /* MenuViewController.m */; };
		049B22F7179D7D3000F82187 /* Posts.m in Sources */ = {isa = PBXBuildFile; fileRef = 049B22F6179D7D2800F82187 /* Posts.m */; };
		049FE34C18E0C252009FDB39 /* ReviewViewController.m in Sources */ = {isa = PBXBuildFile; fileRef = 049FE34B18E0C252009FDB39 /* ReviewViewController.m */; };
		049FE34E18E1168D009FDB39 /* share.png in Resources */ = {isa = PBXBuildFile; fileRef = 049FE34D18E1168D009FDB39 /* share.png */; };
		049FE35118E12CFF009FDB39 /* UserProfile.m in Sources */ = {isa = PBXBuildFile; fileRef = 049FE35018E12CFF009FDB39 /* UserProfile.m */; };
		04A2323F18FB9EEC00C1E13C /* undo.png in Resources */ = {isa = PBXBuildFile; fileRef = 04A2323E18FB9EEC00C1E13C /* undo.png */; };
		04BF8F8B18F2FE4A00D0A2CB /* dot1.png in Resources */ = {isa = PBXBuildFile; fileRef = 04BF8F8918F2FE4A00D0A2CB /* dot1.png */; };
		04BF8F8F18F3170200D0A2CB /* dot2.png in Resources */ = {isa = PBXBuildFile; fileRef = 04BF8F8C18F3170200D0A2CB /* dot2.png */; };
		04BF8F9018F3170200D0A2CB /* dot3.png in Resources */ = {isa = PBXBuildFile; fileRef = 04BF8F8D18F3170200D0A2CB /* dot3.png */; };
		04BF8F9118F3170200D0A2CB /* dot4.png in Resources */ = {isa = PBXBuildFile; fileRef = 04BF8F8E18F3170200D0A2CB /* dot4.png */; };
		04D4DB4418681A5900E92845 /* libsqlite3.dylib in Frameworks */ = {isa = PBXBuildFile; fileRef = 04FA8F27179BE08200D28058 /* libsqlite3.dylib */; };
		04E47F7218FAFB93001E09EE /* MyToolTip.m in Sources */ = {isa = PBXBuildFile; fileRef = 04E47F7118FAFB93001E09EE /* MyToolTip.m */; };
		04E893DB179130C400E9573C /* Foundation.framework in Frameworks */ = {isa = PBXBuildFile; fileRef = 04E893DA179130C400E9573C /* Foundation.framework */; };
		04E893DD179130C400E9573C /* CoreGraphics.framework in Frameworks */ = {isa = PBXBuildFile; fileRef = 04E893DC179130C400E9573C /* CoreGraphics.framework */; };
		04E893DF179130C400E9573C /* UIKit.framework in Frameworks */ = {isa = PBXBuildFile; fileRef = 04E893DE179130C400E9573C /* UIKit.framework */; };
		04E893E5179130C400E9573C /* InfoPlist.strings in Resources */ = {isa = PBXBuildFile; fileRef = 04E893E3179130C400E9573C /* InfoPlist.strings */; };
		04E893E7179130C400E9573C /* main.m in Sources */ = {isa = PBXBuildFile; fileRef = 04E893E6179130C400E9573C /* main.m */; };
		04E893EB179130C400E9573C /* AppDelegate.m in Sources */ = {isa = PBXBuildFile; fileRef = 04E893EA179130C400E9573C /* AppDelegate.m */; };
		04E893EE179130C400E9573C /* Main_iPhone.storyboard in Resources */ = {isa = PBXBuildFile; fileRef = 04E893EC179130C400E9573C /* Main_iPhone.storyboard */; };
		04E893F1179130C400E9573C /* Main_iPad.storyboard in Resources */ = {isa = PBXBuildFile; fileRef = 04E893EF179130C400E9573C /* Main_iPad.storyboard */; };
		04E893F4179130C400E9573C /* MasterViewController.m in Sources */ = {isa = PBXBuildFile; fileRef = 04E893F3179130C400E9573C /* MasterViewController.m */; };
		04E893F7179130C400E9573C /* DetailViewController.m in Sources */ = {isa = PBXBuildFile; fileRef = 04E893F6179130C400E9573C /* DetailViewController.m */; };
		04E893F9179130C400E9573C /* Images.xcassets in Resources */ = {isa = PBXBuildFile; fileRef = 04E893F8179130C400E9573C /* Images.xcassets */; };
		04E89400179130C500E9573C /* XCTest.framework in Frameworks */ = {isa = PBXBuildFile; fileRef = 04E893FF179130C400E9573C /* XCTest.framework */; };
		04E89401179130C500E9573C /* Foundation.framework in Frameworks */ = {isa = PBXBuildFile; fileRef = 04E893DA179130C400E9573C /* Foundation.framework */; };
		04E89402179130C500E9573C /* UIKit.framework in Frameworks */ = {isa = PBXBuildFile; fileRef = 04E893DE179130C400E9573C /* UIKit.framework */; };
		04E8940A179130C500E9573C /* InfoPlist.strings in Resources */ = {isa = PBXBuildFile; fileRef = 04E89408179130C500E9573C /* InfoPlist.strings */; };
		04E8940C179130C500E9573C /* MasterDetailTests.m in Sources */ = {isa = PBXBuildFile; fileRef = 04E8940B179130C500E9573C /* MasterDetailTests.m */; };
		04EE1B5018F79161007AEE0A /* StoreKit.framework in Frameworks */ = {isa = PBXBuildFile; fileRef = 04EE1B4F18F79161007AEE0A /* StoreKit.framework */; };
		04FA8F2E179BE8FB00D28058 /* PostsSqlite.m in Sources */ = {isa = PBXBuildFile; fileRef = 04FA8F2C179BE20300D28058 /* PostsSqlite.m */; };
/* End PBXBuildFile section */

/* Begin PBXContainerItemProxy section */
		04E89403179130C500E9573C /* PBXContainerItemProxy */ = {
			isa = PBXContainerItemProxy;
			containerPortal = 04E893CF179130C400E9573C /* Project object */;
			proxyType = 1;
			remoteGlobalIDString = 04E893D6179130C400E9573C;
			remoteInfo = MasterDetail;
		};
/* End PBXContainerItemProxy section */

/* Begin PBXFileReference section */
		040AAB0D18F19134006ACA84 /* header_23.png */ = {isa = PBXFileReference; lastKnownFileType = image.png; path = header_23.png; sourceTree = "<group>"; };
		040AAB0E18F19134006ACA84 /* header_24.png */ = {isa = PBXFileReference; lastKnownFileType = image.png; path = header_24.png; sourceTree = "<group>"; };
		040AAB0F18F19134006ACA84 /* header_25.png */ = {isa = PBXFileReference; lastKnownFileType = image.png; path = header_25.png; sourceTree = "<group>"; };
		040AAB1018F19134006ACA84 /* header_26.png */ = {isa = PBXFileReference; lastKnownFileType = image.png; path = header_26.png; sourceTree = "<group>"; };
		040AAB1118F19134006ACA84 /* header_27.png */ = {isa = PBXFileReference; lastKnownFileType = image.png; path = header_27.png; sourceTree = "<group>"; };
		040AAB1718F1BDA8006ACA84 /* report_background.png */ = {isa = PBXFileReference; lastKnownFileType = image.png; path = report_background.png; sourceTree = "<group>"; };
		040E856018DF776000FD3E56 /* stackexchange.com.png */ = {isa = PBXFileReference; lastKnownFileType = image.png; path = stackexchange.com.png; sourceTree = "<group>"; };
		040E856118DF776000FD3E56 /* stackoverflow.com.png */ = {isa = PBXFileReference; lastKnownFileType = image.png; path = stackoverflow.com.png; sourceTree = "<group>"; };
		040E856218DF776000FD3E56 /* www.careercup.com.png */ = {isa = PBXFileReference; lastKnownFileType = image.png; path = www.careercup.com.png; sourceTree = "<group>"; };
		040E856318DF776000FD3E56 /* www.v2ex.com.png */ = {isa = PBXFileReference; lastKnownFileType = image.png; path = www.v2ex.com.png; sourceTree = "<group>"; };
		0411B24C18E2F98600428AB1 /* ComponentUtil.h */ = {isa = PBXFileReference; fileEncoding = 4; lastKnownFileType = sourcecode.c.h; path = ComponentUtil.h; sourceTree = "<group>"; };
		0411B24D18E2F98600428AB1 /* ComponentUtil.m */ = {isa = PBXFileReference; fileEncoding = 4; lastKnownFileType = sourcecode.c.objc; path = ComponentUtil.m; sourceTree = "<group>"; };
		0411B24F18E364EC00428AB1 /* news.ycombinator.com.png */ = {isa = PBXFileReference; lastKnownFileType = image.png; path = news.ycombinator.com.png; sourceTree = "<group>"; };
		0411B25018E364EC00428AB1 /* www.quora.com.png */ = {isa = PBXFileReference; lastKnownFileType = image.png; path = www.quora.com.png; sourceTree = "<group>"; };
		0411B25118E364EC00428AB1 /* www.reddit.com.png */ = {isa = PBXFileReference; lastKnownFileType = image.png; path = www.reddit.com.png; sourceTree = "<group>"; };
		0411B25518E39F4200428AB1 /* thumbs_up2.png */ = {isa = PBXFileReference; lastKnownFileType = image.png; path = thumbs_up2.png; sourceTree = "<group>"; };
		0416B67918F0892F00397C7D /* header_1.png */ = {isa = PBXFileReference; lastKnownFileType = image.png; path = header_1.png; sourceTree = "<group>"; };
		0416B67A18F0892F00397C7D /* header_10.png */ = {isa = PBXFileReference; lastKnownFileType = image.png; path = header_10.png; sourceTree = "<group>"; };
		0416B67B18F0892F00397C7D /* header_11.png */ = {isa = PBXFileReference; lastKnownFileType = image.png; path = header_11.png; sourceTree = "<group>"; };
		0416B67C18F0892F00397C7D /* header_2.png */ = {isa = PBXFileReference; lastKnownFileType = image.png; path = header_2.png; sourceTree = "<group>"; };
		0416B67D18F0892F00397C7D /* header_3.png */ = {isa = PBXFileReference; lastKnownFileType = image.png; path = header_3.png; sourceTree = "<group>"; };
		0416B67E18F0892F00397C7D /* header_4.png */ = {isa = PBXFileReference; lastKnownFileType = image.png; path = header_4.png; sourceTree = "<group>"; };
		0416B67F18F0892F00397C7D /* header_5.png */ = {isa = PBXFileReference; lastKnownFileType = image.png; path = header_5.png; sourceTree = "<group>"; };
		0416B68018F0892F00397C7D /* header_6.png */ = {isa = PBXFileReference; lastKnownFileType = image.png; path = header_6.png; sourceTree = "<group>"; };
		0416B68118F0892F00397C7D /* header_7.png */ = {isa = PBXFileReference; lastKnownFileType = image.png; path = header_7.png; sourceTree = "<group>"; };
		0416B68218F0892F00397C7D /* header_8.png */ = {isa = PBXFileReference; lastKnownFileType = image.png; path = header_8.png; sourceTree = "<group>"; };
		0416B68318F0892F00397C7D /* header_9.png */ = {isa = PBXFileReference; lastKnownFileType = image.png; path = header_9.png; sourceTree = "<group>"; };
		0416B68F18F094DF00397C7D /* header_12.png */ = {isa = PBXFileReference; lastKnownFileType = image.png; path = header_12.png; sourceTree = "<group>"; };
		0416B69118F0A5B100397C7D /* header_13.png */ = {isa = PBXFileReference; lastKnownFileType = image.png; path = header_13.png; sourceTree = "<group>"; };
		0416B69218F0A5B100397C7D /* header_14.png */ = {isa = PBXFileReference; lastKnownFileType = image.png; path = header_14.png; sourceTree = "<group>"; };
		0416B69318F0A5B100397C7D /* header_15.png */ = {isa = PBXFileReference; lastKnownFileType = image.png; path = header_15.png; sourceTree = "<group>"; };
		0416B69718F0AB0000397C7D /* header_16.png */ = {isa = PBXFileReference; lastKnownFileType = image.png; path = header_16.png; sourceTree = "<group>"; };
		0416B69818F0AB0000397C7D /* header_17.png */ = {isa = PBXFileReference; lastKnownFileType = image.png; path = header_17.png; sourceTree = "<group>"; };
		0416B69918F0AB0000397C7D /* header_18.png */ = {isa = PBXFileReference; lastKnownFileType = image.png; path = header_18.png; sourceTree = "<group>"; };
		0416B69A18F0AB0000397C7D /* header_19.png */ = {isa = PBXFileReference; lastKnownFileType = image.png; path = header_19.png; sourceTree = "<group>"; };
		0416B69B18F0AB0000397C7D /* header_20.png */ = {isa = PBXFileReference; lastKnownFileType = image.png; path = header_20.png; sourceTree = "<group>"; };
		0416B69D18F0AB0000397C7D /* header_22.png */ = {isa = PBXFileReference; lastKnownFileType = image.png; path = header_22.png; sourceTree = "<group>"; };
		0416B6A518F0AE8500397C7D /* header_21.png */ = {isa = PBXFileReference; lastKnownFileType = image.png; path = header_21.png; sourceTree = "<group>"; };
		0416B6A718F0B14F00397C7D /* info.png */ = {isa = PBXFileReference; lastKnownFileType = image.png; path = info.png; sourceTree = "<group>"; };
		0436CDE718E9EB5300130F79 /* Twitter.framework */ = {isa = PBXFileReference; lastKnownFileType = wrapper.framework; name = Twitter.framework; path = System/Library/Frameworks/Twitter.framework; sourceTree = SDKROOT; };
		0436CDE918EB127D00130F79 /* libPods.a */ = {isa = PBXFileReference; lastKnownFileType = archive.ar; name = libPods.a; path = "../../../../../../../../../../Library/Developer/Xcode/DerivedData/MasterDetail-apjbzzvtgthvysgkfdmzvmqvednm/Build/Products/Debug-iphoneos/libPods.a"; sourceTree = "<group>"; };
		04409A4E18DB69670021F9C3 /* comments-512.png */ = {isa = PBXFileReference; lastKnownFileType = image.png; path = "comments-512.png"; sourceTree = "<group>"; };
		04409A4F18DB69670021F9C3 /* hearts-512.png */ = {isa = PBXFileReference; lastKnownFileType = image.png; path = "hearts-512.png"; sourceTree = "<group>"; };
		04409A5018DB69670021F9C3 /* more-512.png */ = {isa = PBXFileReference; lastKnownFileType = image.png; path = "more-512.png"; sourceTree = "<group>"; };
		04409A5118DB69670021F9C3 /* thumb_down-512.png */ = {isa = PBXFileReference; lastKnownFileType = image.png; path = "thumb_down-512.png"; sourceTree = "<group>"; };
		04409A5218DB69670021F9C3 /* thumb_up-512.png */ = {isa = PBXFileReference; lastKnownFileType = image.png; path = "thumb_up-512.png"; sourceTree = "<group>"; };
		04409A6018DB6A8B0021F9C3 /* thumbs_down-512.png */ = {isa = PBXFileReference; lastKnownFileType = image.png; path = "thumbs_down-512.png"; sourceTree = "<group>"; };
		04409A6118DB6A8B0021F9C3 /* thumbs_up-512.png */ = {isa = PBXFileReference; lastKnownFileType = image.png; path = "thumbs_up-512.png"; sourceTree = "<group>"; };
		04409A6818DB6B240021F9C3 /* heart-512.png */ = {isa = PBXFileReference; lastKnownFileType = image.png; path = "heart-512.png"; sourceTree = "<group>"; };
		0448465E18E4700D00C3FEC7 /* feedback.png */ = {isa = PBXFileReference; lastKnownFileType = image.png; path = feedback.png; sourceTree = "<group>"; };
		0448465F18E4700D00C3FEC7 /* hourglass.png */ = {isa = PBXFileReference; lastKnownFileType = image.png; path = hourglass.png; sourceTree = "<group>"; };
		0448466418E4784C00C3FEC7 /* icon.png */ = {isa = PBXFileReference; lastKnownFileType = image.png; path = icon.png; sourceTree = "<group>"; };
		0448466618E47A2E00C3FEC7 /* figure.png */ = {isa = PBXFileReference; lastKnownFileType = image.png; path = figure.png; sourceTree = "<group>"; };
		0448466818E4B21100C3FEC7 /* coin2.png */ = {isa = PBXFileReference; lastKnownFileType = image.png; path = coin2.png; sourceTree = "<group>"; };
		0448466A18E5CAC200C3FEC7 /* home.png */ = {isa = PBXFileReference; lastKnownFileType = image.png; path = home.png; sourceTree = "<group>"; };
		0455B41218F6EF0A00A178D9 /* iAd.framework */ = {isa = PBXFileReference; lastKnownFileType = wrapper.framework; name = iAd.framework; path = System/Library/Frameworks/iAd.framework; sourceTree = SDKROOT; };
		0455B41418F73F3700A178D9 /* feedback_highlighted.png */ = {isa = PBXFileReference; lastKnownFileType = image.png; path = feedback_highlighted.png; sourceTree = "<group>"; };
		0455B41518F73F3700A178D9 /* hourglass_highlighted.png */ = {isa = PBXFileReference; lastKnownFileType = image.png; path = hourglass_highlighted.png; sourceTree = "<group>"; };
		0455B41618F73F3700A178D9 /* questions_highlighted.png */ = {isa = PBXFileReference; lastKnownFileType = image.png; path = questions_highlighted.png; sourceTree = "<group>"; };
		0455B41718F73F3700A178D9 /* questions.png */ = {isa = PBXFileReference; lastKnownFileType = image.png; path = questions.png; sourceTree = "<group>"; };
		04624AA218FD876F006DF4DF /* libPods-Mixpanel.a */ = {isa = PBXFileReference; lastKnownFileType = archive.ar; name = "libPods-Mixpanel.a"; path = "Pods/build/Debug-iphoneos/libPods-Mixpanel.a"; sourceTree = "<group>"; };
		046E471018E0BFF900ACC618 /* coin.png */ = {isa = PBXFileReference; lastKnownFileType = image.png; path = coin.png; sourceTree = "<group>"; };
		0473C99718DCE1B800AC4DCD /* navigation_header.png */ = {isa = PBXFileReference; lastKnownFileType = image.png; path = navigation_header.png; sourceTree = "<group>"; };
		049B22F5179D7D2800F82187 /* Posts.h */ = {isa = PBXFileReference; lastKnownFileType = sourcecode.c.h; path = Posts.h; sourceTree = "<group>"; };
		049B22F6179D7D2800F82187 /* Posts.m */ = {isa = PBXFileReference; lastKnownFileType = sourcecode.c.objc; path = Posts.m; sourceTree = "<group>"; };
		049FE34A18E0C252009FDB39 /* ReviewViewController.h */ = {isa = PBXFileReference; fileEncoding = 4; lastKnownFileType = sourcecode.c.h; path = ReviewViewController.h; sourceTree = "<group>"; };
		049FE34B18E0C252009FDB39 /* ReviewViewController.m */ = {isa = PBXFileReference; fileEncoding = 4; lastKnownFileType = sourcecode.c.objc; path = ReviewViewController.m; sourceTree = "<group>"; };
		049FE34D18E1168D009FDB39 /* share.png */ = {isa = PBXFileReference; lastKnownFileType = image.png; path = share.png; sourceTree = "<group>"; };
		049FE34F18E12CFF009FDB39 /* UserProfile.h */ = {isa = PBXFileReference; fileEncoding = 4; lastKnownFileType = sourcecode.c.h; path = UserProfile.h; sourceTree = "<group>"; };
		049FE35018E12CFF009FDB39 /* UserProfile.m */ = {isa = PBXFileReference; fileEncoding = 4; lastKnownFileType = sourcecode.c.objc; path = UserProfile.m; sourceTree = "<group>"; };
		04A2323E18FB9EEC00C1E13C /* undo.png */ = {isa = PBXFileReference; lastKnownFileType = image.png; path = undo.png; sourceTree = "<group>"; };
		04A7BDEB179EA84700E9D0BC /* MenuViewController.h */ = {isa = PBXFileReference; lastKnownFileType = sourcecode.c.h; path = MenuViewController.h; sourceTree = "<group>"; };
		04A7BDEC179EA84700E9D0BC /* MenuViewController.m */ = {isa = PBXFileReference; lastKnownFileType = sourcecode.c.objc; path = MenuViewController.m; sourceTree = "<group>"; };
		04BF8F8918F2FE4A00D0A2CB /* dot1.png */ = {isa = PBXFileReference; lastKnownFileType = image.png; path = dot1.png; sourceTree = "<group>"; };
		04BF8F8C18F3170200D0A2CB /* dot2.png */ = {isa = PBXFileReference; lastKnownFileType = image.png; path = dot2.png; sourceTree = "<group>"; };
		04BF8F8D18F3170200D0A2CB /* dot3.png */ = {isa = PBXFileReference; lastKnownFileType = image.png; path = dot3.png; sourceTree = "<group>"; };
		04BF8F8E18F3170200D0A2CB /* dot4.png */ = {isa = PBXFileReference; lastKnownFileType = image.png; path = dot4.png; sourceTree = "<group>"; };
		04C24E7E1867FEC500184A3E /* libsqlite3.0.dylib */ = {isa = PBXFileReference; lastKnownFileType = "compiled.mach-o.dylib"; name = libsqlite3.0.dylib; path = usr/lib/libsqlite3.0.dylib; sourceTree = SDKROOT; };
		04C24E811867FF8100184A3E /* libsqlite3.dylib */ = {isa = PBXFileReference; lastKnownFileType = "compiled.mach-o.dylib"; name = libsqlite3.dylib; path = ../../../../../../../../../../../usr/lib/libsqlite3.dylib; sourceTree = "<group>"; };
		04C24E831867FFB200184A3E /* libsqlite3.dylib */ = {isa = PBXFileReference; lastKnownFileType = "compiled.mach-o.dylib"; name = libsqlite3.dylib; path = "../../../../../../../../../../../Applications/Xcode5-DP2.app/Contents/Developer/Platforms/iPhoneSimulator.platform/Developer/SDKs/iPhoneSimulator7.0.sdk/usr/lib/libsqlite3.dylib"; sourceTree = "<group>"; };
		04C2689B1868118E004C46BC /* libPods.a */ = {isa = PBXFileReference; lastKnownFileType = archive.ar; name = libPods.a; path = "Pods/build/Debug-iphoneos/libPods.a"; sourceTree = "<group>"; };
		04D77FCC18B4636300643F3C /* global.h */ = {isa = PBXFileReference; lastKnownFileType = sourcecode.c.h; path = global.h; sourceTree = "<group>"; };
		04E47F7018FAFB93001E09EE /* MyToolTip.h */ = {isa = PBXFileReference; fileEncoding = 4; lastKnownFileType = sourcecode.c.h; path = MyToolTip.h; sourceTree = "<group>"; };
		04E47F7118FAFB93001E09EE /* MyToolTip.m */ = {isa = PBXFileReference; fileEncoding = 4; lastKnownFileType = sourcecode.c.objc; path = MyToolTip.m; sourceTree = "<group>"; };
		04E893D7179130C400E9573C /* MasterDetail.app */ = {isa = PBXFileReference; explicitFileType = wrapper.application; includeInIndex = 0; path = MasterDetail.app; sourceTree = BUILT_PRODUCTS_DIR; };
		04E893DA179130C400E9573C /* Foundation.framework */ = {isa = PBXFileReference; lastKnownFileType = wrapper.framework; name = Foundation.framework; path = System/Library/Frameworks/Foundation.framework; sourceTree = SDKROOT; };
		04E893DC179130C400E9573C /* CoreGraphics.framework */ = {isa = PBXFileReference; lastKnownFileType = wrapper.framework; name = CoreGraphics.framework; path = System/Library/Frameworks/CoreGraphics.framework; sourceTree = SDKROOT; };
		04E893DE179130C400E9573C /* UIKit.framework */ = {isa = PBXFileReference; lastKnownFileType = wrapper.framework; name = UIKit.framework; path = System/Library/Frameworks/UIKit.framework; sourceTree = SDKROOT; };
		04E893E2179130C400E9573C /* MasterDetail-Info.plist */ = {isa = PBXFileReference; lastKnownFileType = text.plist.xml; path = "MasterDetail-Info.plist"; sourceTree = "<group>"; };
		04E893E4179130C400E9573C /* en */ = {isa = PBXFileReference; lastKnownFileType = text.plist.strings; name = en; path = en.lproj/InfoPlist.strings; sourceTree = "<group>"; };
		04E893E6179130C400E9573C /* main.m */ = {isa = PBXFileReference; lastKnownFileType = sourcecode.c.objc; path = main.m; sourceTree = "<group>"; };
		04E893E8179130C400E9573C /* MasterDetail-Prefix.pch */ = {isa = PBXFileReference; lastKnownFileType = sourcecode.c.h; path = "MasterDetail-Prefix.pch"; sourceTree = "<group>"; };
		04E893E9179130C400E9573C /* AppDelegate.h */ = {isa = PBXFileReference; lastKnownFileType = sourcecode.c.h; path = AppDelegate.h; sourceTree = "<group>"; };
		04E893EA179130C400E9573C /* AppDelegate.m */ = {isa = PBXFileReference; lastKnownFileType = sourcecode.c.objc; path = AppDelegate.m; sourceTree = "<group>"; };
		04E893ED179130C400E9573C /* Base */ = {isa = PBXFileReference; lastKnownFileType = file.storyboard; name = Base; path = Base.lproj/Main_iPhone.storyboard; sourceTree = "<group>"; };
		04E893F0179130C400E9573C /* Base */ = {isa = PBXFileReference; lastKnownFileType = file.storyboard; name = Base; path = Base.lproj/Main_iPad.storyboard; sourceTree = "<group>"; };
		04E893F2179130C400E9573C /* MasterViewController.h */ = {isa = PBXFileReference; lastKnownFileType = sourcecode.c.h; path = MasterViewController.h; sourceTree = "<group>"; };
		04E893F3179130C400E9573C /* MasterViewController.m */ = {isa = PBXFileReference; lastKnownFileType = sourcecode.c.objc; path = MasterViewController.m; sourceTree = "<group>"; };
		04E893F5179130C400E9573C /* DetailViewController.h */ = {isa = PBXFileReference; lastKnownFileType = sourcecode.c.h; path = DetailViewController.h; sourceTree = "<group>"; };
		04E893F6179130C400E9573C /* DetailViewController.m */ = {isa = PBXFileReference; lastKnownFileType = sourcecode.c.objc; path = DetailViewController.m; sourceTree = "<group>"; };
		04E893F8179130C400E9573C /* Images.xcassets */ = {isa = PBXFileReference; lastKnownFileType = folder.assetcatalog; path = Images.xcassets; sourceTree = "<group>"; };
		04E893FE179130C400E9573C /* MasterDetailTests.xctest */ = {isa = PBXFileReference; explicitFileType = wrapper.cfbundle; includeInIndex = 0; path = MasterDetailTests.xctest; sourceTree = BUILT_PRODUCTS_DIR; };
		04E893FF179130C400E9573C /* XCTest.framework */ = {isa = PBXFileReference; lastKnownFileType = wrapper.framework; name = XCTest.framework; path = Library/Frameworks/XCTest.framework; sourceTree = DEVELOPER_DIR; };
		04E89407179130C500E9573C /* MasterDetailTests-Info.plist */ = {isa = PBXFileReference; lastKnownFileType = text.plist.xml; path = "MasterDetailTests-Info.plist"; sourceTree = "<group>"; };
		04E89409179130C500E9573C /* en */ = {isa = PBXFileReference; lastKnownFileType = text.plist.strings; name = en; path = en.lproj/InfoPlist.strings; sourceTree = "<group>"; };
		04E8940B179130C500E9573C /* MasterDetailTests.m */ = {isa = PBXFileReference; lastKnownFileType = sourcecode.c.objc; path = MasterDetailTests.m; sourceTree = "<group>"; };
		04EE1B4F18F79161007AEE0A /* StoreKit.framework */ = {isa = PBXFileReference; lastKnownFileType = wrapper.framework; name = StoreKit.framework; path = System/Library/Frameworks/StoreKit.framework; sourceTree = SDKROOT; };
		04FA8F27179BE08200D28058 /* libsqlite3.dylib */ = {isa = PBXFileReference; lastKnownFileType = "compiled.mach-o.dylib"; name = libsqlite3.dylib; path = usr/lib/libsqlite3.dylib; sourceTree = SDKROOT; };
		04FA8F2B179BE1F800D28058 /* PostsSqlite.h */ = {isa = PBXFileReference; lastKnownFileType = sourcecode.c.h; path = PostsSqlite.h; sourceTree = "<group>"; };
		04FA8F2C179BE20300D28058 /* PostsSqlite.m */ = {isa = PBXFileReference; lastKnownFileType = sourcecode.c.objc; path = PostsSqlite.m; sourceTree = "<group>"; };
		CE556945BD3D45F797C729C0 /* Pods.xcconfig */ = {isa = PBXFileReference; includeInIndex = 1; lastKnownFileType = text.xcconfig; name = Pods.xcconfig; path = Pods/Pods.xcconfig; sourceTree = SOURCE_ROOT; };
/* End PBXFileReference section */

/* Begin PBXFrameworksBuildPhase section */
		04E893D4179130C400E9573C /* Frameworks */ = {
			isa = PBXFrameworksBuildPhase;
			buildActionMask = 2147483647;
			files = (
				04EE1B5018F79161007AEE0A /* StoreKit.framework in Frameworks */,
				0455B41318F6EF0A00A178D9 /* iAd.framework in Frameworks */,
				0436CDEB18EB131600130F79 /* libPods.a in Frameworks */,
				0436CDE818E9EB5300130F79 /* Twitter.framework in Frameworks */,
				04D4DB4418681A5900E92845 /* libsqlite3.dylib in Frameworks */,
				04E893DD179130C400E9573C /* CoreGraphics.framework in Frameworks */,
				04E893DF179130C400E9573C /* UIKit.framework in Frameworks */,
				04E893DB179130C400E9573C /* Foundation.framework in Frameworks */,
			);
			runOnlyForDeploymentPostprocessing = 0;
		};
		04E893FB179130C400E9573C /* Frameworks */ = {
			isa = PBXFrameworksBuildPhase;
			buildActionMask = 2147483647;
			files = (
				04E89400179130C500E9573C /* XCTest.framework in Frameworks */,
				04E89402179130C500E9573C /* UIKit.framework in Frameworks */,
				04E89401179130C500E9573C /* Foundation.framework in Frameworks */,
			);
			runOnlyForDeploymentPostprocessing = 0;
		};
/* End PBXFrameworksBuildPhase section */

/* Begin PBXGroup section */
		040E855F18DF776000FD3E56 /* logo */ = {
			isa = PBXGroup;
			children = (
				040E856018DF776000FD3E56 /* stackexchange.com.png */,
				0411B24F18E364EC00428AB1 /* news.ycombinator.com.png */,
				0411B25018E364EC00428AB1 /* www.quora.com.png */,
				0411B25118E364EC00428AB1 /* www.reddit.com.png */,
				040E856118DF776000FD3E56 /* stackoverflow.com.png */,
				040E856218DF776000FD3E56 /* www.careercup.com.png */,
				040E856318DF776000FD3E56 /* www.v2ex.com.png */,
			);
			path = logo;
			sourceTree = "<group>";
		};
		0416B67818F0892F00397C7D /* post_header */ = {
			isa = PBXGroup;
			children = (
				0416B67918F0892F00397C7D /* header_1.png */,
				0416B67A18F0892F00397C7D /* header_10.png */,
				0416B6A518F0AE8500397C7D /* header_21.png */,
				040AAB0D18F19134006ACA84 /* header_23.png */,
				040AAB0E18F19134006ACA84 /* header_24.png */,
				040AAB0F18F19134006ACA84 /* header_25.png */,
				040AAB1018F19134006ACA84 /* header_26.png */,
				040AAB1118F19134006ACA84 /* header_27.png */,
				0416B69718F0AB0000397C7D /* header_16.png */,
				0416B69818F0AB0000397C7D /* header_17.png */,
				0416B69918F0AB0000397C7D /* header_18.png */,
				0416B69A18F0AB0000397C7D /* header_19.png */,
				0416B69B18F0AB0000397C7D /* header_20.png */,
				0416B69D18F0AB0000397C7D /* header_22.png */,
				0416B69118F0A5B100397C7D /* header_13.png */,
				0416B69218F0A5B100397C7D /* header_14.png */,
				0416B69318F0A5B100397C7D /* header_15.png */,
				0416B68F18F094DF00397C7D /* header_12.png */,
				0416B67B18F0892F00397C7D /* header_11.png */,
				0416B67C18F0892F00397C7D /* header_2.png */,
				0416B67D18F0892F00397C7D /* header_3.png */,
				0416B67E18F0892F00397C7D /* header_4.png */,
				0416B67F18F0892F00397C7D /* header_5.png */,
				0416B68018F0892F00397C7D /* header_6.png */,
				0416B68118F0892F00397C7D /* header_7.png */,
				0416B68218F0892F00397C7D /* header_8.png */,
				0416B68318F0892F00397C7D /* header_9.png */,
			);
			path = post_header;
			sourceTree = "<group>";
		};
		04BF8F8718F2FE4A00D0A2CB /* dots */ = {
			isa = PBXGroup;
			children = (
				04BF8F8918F2FE4A00D0A2CB /* dot1.png */,
				04BF8F8C18F3170200D0A2CB /* dot2.png */,
				04BF8F8D18F3170200D0A2CB /* dot3.png */,
				04BF8F8E18F3170200D0A2CB /* dot4.png */,
			);
			path = dots;
			sourceTree = "<group>";
		};
		04D0427D17A360C300593E18 /* Images */ = {
			isa = PBXGroup;
			children = (
				0416B6A718F0B14F00397C7D /* info.png */,
				04A2323E18FB9EEC00C1E13C /* undo.png */,
				0473C99718DCE1B800AC4DCD /* navigation_header.png */,
				04BF8F8718F2FE4A00D0A2CB /* dots */,
				0448466618E47A2E00C3FEC7 /* figure.png */,
				040AAB1718F1BDA8006ACA84 /* report_background.png */,
				0448466A18E5CAC200C3FEC7 /* home.png */,
				0455B41418F73F3700A178D9 /* feedback_highlighted.png */,
				0455B41518F73F3700A178D9 /* hourglass_highlighted.png */,
				0455B41618F73F3700A178D9 /* questions_highlighted.png */,
				0455B41718F73F3700A178D9 /* questions.png */,
				0448466818E4B21100C3FEC7 /* coin2.png */,
				0416B67818F0892F00397C7D /* post_header */,
				0448466418E4784C00C3FEC7 /* icon.png */,
				0448465E18E4700D00C3FEC7 /* feedback.png */,
				0448465F18E4700D00C3FEC7 /* hourglass.png */,
				0411B25518E39F4200428AB1 /* thumbs_up2.png */,
				049FE34D18E1168D009FDB39 /* share.png */,
				040E855F18DF776000FD3E56 /* logo */,
				046E471018E0BFF900ACC618 /* coin.png */,
				04409A6818DB6B240021F9C3 /* heart-512.png */,
				04409A6018DB6A8B0021F9C3 /* thumbs_down-512.png */,
				04409A6118DB6A8B0021F9C3 /* thumbs_up-512.png */,
				04409A4E18DB69670021F9C3 /* comments-512.png */,
				04409A4F18DB69670021F9C3 /* hearts-512.png */,
				04409A5018DB69670021F9C3 /* more-512.png */,
				04409A5118DB69670021F9C3 /* thumb_down-512.png */,
				04409A5218DB69670021F9C3 /* thumb_up-512.png */,
			);
			path = Images;
			sourceTree = "<group>";
		};
		04E893CE179130C400E9573C = {
			isa = PBXGroup;
			children = (
				04E893E0179130C400E9573C /* MasterDetail */,
				04E89405179130C500E9573C /* MasterDetailTests */,
				04E893D9179130C400E9573C /* Frameworks */,
				04E893D8179130C400E9573C /* Products */,
				CE556945BD3D45F797C729C0 /* Pods.xcconfig */,
			);
			sourceTree = "<group>";
		};
		04E893D8179130C400E9573C /* Products */ = {
			isa = PBXGroup;
			children = (
				04E893D7179130C400E9573C /* MasterDetail.app */,
				04E893FE179130C400E9573C /* MasterDetailTests.xctest */,
			);
			name = Products;
			sourceTree = "<group>";
		};
		04E893D9179130C400E9573C /* Frameworks */ = {
			isa = PBXGroup;
			children = (
				04624AA218FD876F006DF4DF /* libPods-Mixpanel.a */,
				04EE1B4F18F79161007AEE0A /* StoreKit.framework */,
				0455B41218F6EF0A00A178D9 /* iAd.framework */,
				0436CDE918EB127D00130F79 /* libPods.a */,
				0436CDE718E9EB5300130F79 /* Twitter.framework */,
				04C2689B1868118E004C46BC /* libPods.a */,
				04C24E831867FFB200184A3E /* libsqlite3.dylib */,
				04C24E811867FF8100184A3E /* libsqlite3.dylib */,
				04C24E7E1867FEC500184A3E /* libsqlite3.0.dylib */,
				04FA8F27179BE08200D28058 /* libsqlite3.dylib */,
				04E893DA179130C400E9573C /* Foundation.framework */,
				04E893DC179130C400E9573C /* CoreGraphics.framework */,
				04E893DE179130C400E9573C /* UIKit.framework */,
				04E893FF179130C400E9573C /* XCTest.framework */,
			);
			name = Frameworks;
			sourceTree = "<group>";
		};
		04E893E0179130C400E9573C /* MasterDetail */ = {
			isa = PBXGroup;
			children = (
				049FE34A18E0C252009FDB39 /* ReviewViewController.h */,
				049FE34B18E0C252009FDB39 /* ReviewViewController.m */,
				04D77FCC18B4636300643F3C /* global.h */,
				0411B24C18E2F98600428AB1 /* ComponentUtil.h */,
				04E47F7018FAFB93001E09EE /* MyToolTip.h */,
				04E47F7118FAFB93001E09EE /* MyToolTip.m */,
				0411B24D18E2F98600428AB1 /* ComponentUtil.m */,
				04D0427D17A360C300593E18 /* Images */,
				04E893E9179130C400E9573C /* AppDelegate.h */,
				04E893EA179130C400E9573C /* AppDelegate.m */,
				04E893EC179130C400E9573C /* Main_iPhone.storyboard */,
				04A7BDEB179EA84700E9D0BC /* MenuViewController.h */,
				04A7BDEC179EA84700E9D0BC /* MenuViewController.m */,
				049B22F5179D7D2800F82187 /* Posts.h */,
				049B22F6179D7D2800F82187 /* Posts.m */,
				04FA8F2C179BE20300D28058 /* PostsSqlite.m */,
				049FE34F18E12CFF009FDB39 /* UserProfile.h */,
				049FE35018E12CFF009FDB39 /* UserProfile.m */,
				04FA8F2B179BE1F800D28058 /* PostsSqlite.h */,
				04E893EF179130C400E9573C /* Main_iPad.storyboard */,
				04E893F2179130C400E9573C /* MasterViewController.h */,
				04E893F3179130C400E9573C /* MasterViewController.m */,
				04E893F5179130C400E9573C /* DetailViewController.h */,
				04E893F6179130C400E9573C /* DetailViewController.m */,
				04E893F8179130C400E9573C /* Images.xcassets */,
				04E893E1179130C400E9573C /* Supporting Files */,
			);
			path = MasterDetail;
			sourceTree = "<group>";
		};
		04E893E1179130C400E9573C /* Supporting Files */ = {
			isa = PBXGroup;
			children = (
				04E893E2179130C400E9573C /* MasterDetail-Info.plist */,
				04E893E3179130C400E9573C /* InfoPlist.strings */,
				04E893E6179130C400E9573C /* main.m */,
				04E893E8179130C400E9573C /* MasterDetail-Prefix.pch */,
			);
			name = "Supporting Files";
			sourceTree = "<group>";
		};
		04E89405179130C500E9573C /* MasterDetailTests */ = {
			isa = PBXGroup;
			children = (
				04E8940B179130C500E9573C /* MasterDetailTests.m */,
				04E89406179130C500E9573C /* Supporting Files */,
			);
			path = MasterDetailTests;
			sourceTree = "<group>";
		};
		04E89406179130C500E9573C /* Supporting Files */ = {
			isa = PBXGroup;
			children = (
				04E89407179130C500E9573C /* MasterDetailTests-Info.plist */,
				04E89408179130C500E9573C /* InfoPlist.strings */,
			);
			name = "Supporting Files";
			sourceTree = "<group>";
		};
/* End PBXGroup section */

/* Begin PBXNativeTarget section */
		04E893D6179130C400E9573C /* MasterDetail */ = {
			isa = PBXNativeTarget;
			buildConfigurationList = 04E8940F179130C500E9573C /* Build configuration list for PBXNativeTarget "MasterDetail" */;
			buildPhases = (
				B1681B26E0294231B976091E /* Check Pods Manifest.lock */,
				04E893D3179130C400E9573C /* Sources */,
				04E893D4179130C400E9573C /* Frameworks */,
				04E893D5179130C400E9573C /* Resources */,
				CCCE84349B5E452DA8C1826F /* Copy Pods Resources */,
			);
			buildRules = (
			);
			dependencies = (
			);
			name = MasterDetail;
			productName = MasterDetail;
			productReference = 04E893D7179130C400E9573C /* MasterDetail.app */;
			productType = "com.apple.product-type.application";
		};
		04E893FD179130C400E9573C /* MasterDetailTests */ = {
			isa = PBXNativeTarget;
			buildConfigurationList = 04E89412179130C500E9573C /* Build configuration list for PBXNativeTarget "MasterDetailTests" */;
			buildPhases = (
				04E893FA179130C400E9573C /* Sources */,
				04E893FB179130C400E9573C /* Frameworks */,
				04E893FC179130C400E9573C /* Resources */,
			);
			buildRules = (
			);
			dependencies = (
				04E89404179130C500E9573C /* PBXTargetDependency */,
			);
			name = MasterDetailTests;
			productName = MasterDetailTests;
			productReference = 04E893FE179130C400E9573C /* MasterDetailTests.xctest */;
			productType = "com.apple.product-type.bundle.unit-test";
		};
/* End PBXNativeTarget section */

/* Begin PBXProject section */
		04E893CF179130C400E9573C /* Project object */ = {
			isa = PBXProject;
			attributes = {
				LastUpgradeCheck = 0510;
				ORGANIZATIONNAME = mac;
				TargetAttributes = {
					04E893D6179130C400E9573C = {
						DevelopmentTeam = NTHK583TF4;
					};
					04E893FD179130C400E9573C = {
						TestTargetID = 04E893D6179130C400E9573C;
					};
				};
			};
			buildConfigurationList = 04E893D2179130C400E9573C /* Build configuration list for PBXProject "MasterDetail" */;
			compatibilityVersion = "Xcode 3.2";
			developmentRegion = English;
			hasScannedForEncodings = 0;
			knownRegions = (
				en,
				Base,
			);
			mainGroup = 04E893CE179130C400E9573C;
			productRefGroup = 04E893D8179130C400E9573C /* Products */;
			projectDirPath = "";
			projectRoot = "";
			targets = (
				04E893D6179130C400E9573C /* MasterDetail */,
				04E893FD179130C400E9573C /* MasterDetailTests */,
			);
		};
/* End PBXProject section */

/* Begin PBXResourcesBuildPhase section */
		04E893D5179130C400E9573C /* Resources */ = {
			isa = PBXResourcesBuildPhase;
			buildActionMask = 2147483647;
			files = (
				0455B41818F73F3700A178D9 /* feedback_highlighted.png in Resources */,
				04409A5318DB69670021F9C3 /* comments-512.png in Resources */,
				04409A6218DB6A8B0021F9C3 /* thumbs_down-512.png in Resources */,
				0411B25618E39F4200428AB1 /* thumbs_up2.png in Resources */,
				0455B41918F73F3700A178D9 /* hourglass_highlighted.png in Resources */,
				04409A5618DB69670021F9C3 /* thumb_down-512.png in Resources */,
				0416B6A118F0AB0000397C7D /* header_19.png in Resources */,
				0416B68618F0892F00397C7D /* header_11.png in Resources */,
				040E856418DF776000FD3E56 /* stackexchange.com.png in Resources */,
				0416B6A618F0AE8500397C7D /* header_21.png in Resources */,
				0416B69618F0A5B100397C7D /* header_15.png in Resources */,
				0416B68818F0892F00397C7D /* header_3.png in Resources */,
				0411B25218E364EC00428AB1 /* news.ycombinator.com.png in Resources */,
				04BF8F9118F3170200D0A2CB /* dot4.png in Resources */,
				0411B25418E364EC00428AB1 /* www.reddit.com.png in Resources */,
				0416B6A818F0B14F00397C7D /* info.png in Resources */,
				04409A5518DB69670021F9C3 /* more-512.png in Resources */,
				0448466718E47A2E00C3FEC7 /* figure.png in Resources */,
				040AAB1518F19134006ACA84 /* header_26.png in Resources */,
				0416B68518F0892F00397C7D /* header_10.png in Resources */,
				0416B69418F0A5B100397C7D /* header_13.png in Resources */,
				0448466518E4784C00C3FEC7 /* icon.png in Resources */,
				0416B6A418F0AB0000397C7D /* header_22.png in Resources */,
				04BF8F8F18F3170200D0A2CB /* dot2.png in Resources */,
				0416B68918F0892F00397C7D /* header_4.png in Resources */,
				04E893F1179130C400E9573C /* Main_iPad.storyboard in Resources */,
				0416B69E18F0AB0000397C7D /* header_16.png in Resources */,
				040E856618DF776000FD3E56 /* www.careercup.com.png in Resources */,
				0448466218E4700D00C3FEC7 /* hourglass.png in Resources */,
				049FE34E18E1168D009FDB39 /* share.png in Resources */,
				04409A6918DB6B240021F9C3 /* heart-512.png in Resources */,
				0448466918E4B21100C3FEC7 /* coin2.png in Resources */,
				0416B69F18F0AB0000397C7D /* header_17.png in Resources */,
				0416B68A18F0892F00397C7D /* header_5.png in Resources */,
				04409A6318DB6A8B0021F9C3 /* thumbs_up-512.png in Resources */,
				0448466118E4700D00C3FEC7 /* feedback.png in Resources */,
				04E893F9179130C400E9573C /* Images.xcassets in Resources */,
				0448466B18E5CAC200C3FEC7 /* home.png in Resources */,
				0473C99818DCE1B800AC4DCD /* navigation_header.png in Resources */,
				04E893EE179130C400E9573C /* Main_iPhone.storyboard in Resources */,
				04A2323F18FB9EEC00C1E13C /* undo.png in Resources */,
				046E471118E0BFF900ACC618 /* coin.png in Resources */,
				0416B69518F0A5B100397C7D /* header_14.png in Resources */,
				040AAB1818F1BDA8006ACA84 /* report_background.png in Resources */,
				0455B41B18F73F3700A178D9 /* questions.png in Resources */,
				0416B6A018F0AB0000397C7D /* header_18.png in Resources */,
				0416B68418F0892F00397C7D /* header_1.png in Resources */,
				04BF8F8B18F2FE4A00D0A2CB /* dot1.png in Resources */,
				0416B68E18F0892F00397C7D /* header_9.png in Resources */,
				0416B68C18F0892F00397C7D /* header_7.png in Resources */,
				0416B69018F094DF00397C7D /* header_12.png in Resources */,
				0416B68B18F0892F00397C7D /* header_6.png in Resources */,
				04409A5718DB69670021F9C3 /* thumb_up-512.png in Resources */,
				040AAB1218F19134006ACA84 /* header_23.png in Resources */,
				0411B25318E364EC00428AB1 /* www.quora.com.png in Resources */,
				0455B41A18F73F3700A178D9 /* questions_highlighted.png in Resources */,
				0416B68718F0892F00397C7D /* header_2.png in Resources */,
				040AAB1318F19134006ACA84 /* header_24.png in Resources */,
				04BF8F9018F3170200D0A2CB /* dot3.png in Resources */,
				040E856718DF776000FD3E56 /* www.v2ex.com.png in Resources */,
				04E893E5179130C400E9573C /* InfoPlist.strings in Resources */,
				0416B6A218F0AB0000397C7D /* header_20.png in Resources */,
				04409A5418DB69670021F9C3 /* hearts-512.png in Resources */,
				040E856518DF776000FD3E56 /* stackoverflow.com.png in Resources */,
				040AAB1618F19134006ACA84 /* header_27.png in Resources */,
				0416B68D18F0892F00397C7D /* header_8.png in Resources */,
				040AAB1418F19134006ACA84 /* header_25.png in Resources */,
			);
			runOnlyForDeploymentPostprocessing = 0;
		};
		04E893FC179130C400E9573C /* Resources */ = {
			isa = PBXResourcesBuildPhase;
			buildActionMask = 2147483647;
			files = (
				04E8940A179130C500E9573C /* InfoPlist.strings in Resources */,
			);
			runOnlyForDeploymentPostprocessing = 0;
		};
/* End PBXResourcesBuildPhase section */

/* Begin PBXShellScriptBuildPhase section */
		B1681B26E0294231B976091E /* Check Pods Manifest.lock */ = {
			isa = PBXShellScriptBuildPhase;
			buildActionMask = 2147483647;
			files = (
			);
			inputPaths = (
			);
			name = "Check Pods Manifest.lock";
			outputPaths = (
			);
			runOnlyForDeploymentPostprocessing = 0;
			shellPath = /bin/sh;
			shellScript = "diff \"${PODS_ROOT}/../Podfile.lock\" \"${PODS_ROOT}/Manifest.lock\" > /dev/null\nif [[ $? != 0 ]] ; then\n    cat << EOM\nerror: The sandbox is not in sync with the Podfile.lock. Run 'pod install' or update your CocoaPods installation.\nEOM\n    exit 1\nfi\n";
			showEnvVarsInLog = 0;
		};
		CCCE84349B5E452DA8C1826F /* Copy Pods Resources */ = {
			isa = PBXShellScriptBuildPhase;
			buildActionMask = 2147483647;
			files = (
			);
			inputPaths = (
			);
			name = "Copy Pods Resources";
			outputPaths = (
			);
			runOnlyForDeploymentPostprocessing = 0;
			shellPath = /bin/sh;
			shellScript = "\"${SRCROOT}/Pods/Pods-resources.sh\"\n";
			showEnvVarsInLog = 0;
		};
/* End PBXShellScriptBuildPhase section */

/* Begin PBXSourcesBuildPhase section */
		04E893D3179130C400E9573C /* Sources */ = {
			isa = PBXSourcesBuildPhase;
			buildActionMask = 2147483647;
			files = (
				047B9BDF179EC19B00DADB55 /* MenuViewController.m in Sources */,
				049B22F7179D7D3000F82187 /* Posts.m in Sources */,
				049FE35118E12CFF009FDB39 /* UserProfile.m in Sources */,
				049FE34C18E0C252009FDB39 /* ReviewViewController.m in Sources */,
				04FA8F2E179BE8FB00D28058 /* PostsSqlite.m in Sources */,
				04E893EB179130C400E9573C /* AppDelegate.m in Sources */,
				04E893F4179130C400E9573C /* MasterViewController.m in Sources */,
				0411B24E18E2F98600428AB1 /* ComponentUtil.m in Sources */,
				04E893E7179130C400E9573C /* main.m in Sources */,
				04E893F7179130C400E9573C /* DetailViewController.m in Sources */,
				04E47F7218FAFB93001E09EE /* MyToolTip.m in Sources */,
			);
			runOnlyForDeploymentPostprocessing = 0;
		};
		04E893FA179130C400E9573C /* Sources */ = {
			isa = PBXSourcesBuildPhase;
			buildActionMask = 2147483647;
			files = (
				04E8940C179130C500E9573C /* MasterDetailTests.m in Sources */,
			);
			runOnlyForDeploymentPostprocessing = 0;
		};
/* End PBXSourcesBuildPhase section */

/* Begin PBXTargetDependency section */
		04E89404179130C500E9573C /* PBXTargetDependency */ = {
			isa = PBXTargetDependency;
			target = 04E893D6179130C400E9573C /* MasterDetail */;
			targetProxy = 04E89403179130C500E9573C /* PBXContainerItemProxy */;
		};
/* End PBXTargetDependency section */

/* Begin PBXVariantGroup section */
		04E893E3179130C400E9573C /* InfoPlist.strings */ = {
			isa = PBXVariantGroup;
			children = (
				04E893E4179130C400E9573C /* en */,
			);
			name = InfoPlist.strings;
			sourceTree = "<group>";
		};
		04E893EC179130C400E9573C /* Main_iPhone.storyboard */ = {
			isa = PBXVariantGroup;
			children = (
				04E893ED179130C400E9573C /* Base */,
			);
			name = Main_iPhone.storyboard;
			sourceTree = "<group>";
		};
		04E893EF179130C400E9573C /* Main_iPad.storyboard */ = {
			isa = PBXVariantGroup;
			children = (
				04E893F0179130C400E9573C /* Base */,
			);
			name = Main_iPad.storyboard;
			sourceTree = "<group>";
		};
		04E89408179130C500E9573C /* InfoPlist.strings */ = {
			isa = PBXVariantGroup;
			children = (
				04E89409179130C500E9573C /* en */,
			);
			name = InfoPlist.strings;
			sourceTree = "<group>";
		};
/* End PBXVariantGroup section */

/* Begin XCBuildConfiguration section */
		04E8940D179130C500E9573C /* Debug */ = {
			isa = XCBuildConfiguration;
			buildSettings = {
				ALWAYS_SEARCH_USER_PATHS = NO;
				CLANG_CXX_LANGUAGE_STANDARD = "gnu++0x";
				CLANG_CXX_LIBRARY = "libc++";
				CLANG_ENABLE_MODULES = YES;
				CLANG_ENABLE_OBJC_ARC = YES;
				CLANG_WARN_BOOL_CONVERSION = YES;
				CLANG_WARN_CONSTANT_CONVERSION = YES;
				CLANG_WARN_DIRECT_OBJC_ISA_USAGE = YES_ERROR;
				CLANG_WARN_EMPTY_BODY = YES;
				CLANG_WARN_ENUM_CONVERSION = YES;
				CLANG_WARN_INT_CONVERSION = YES;
				CLANG_WARN_OBJC_ROOT_CLASS = YES_ERROR;
				CLANG_WARN__DUPLICATE_METHOD_MATCH = YES;
				"CODE_SIGN_IDENTITY[sdk=iphoneos*]" = "iPhone Developer";
				COPY_PHASE_STRIP = NO;
				GCC_C_LANGUAGE_STANDARD = gnu99;
				GCC_DYNAMIC_NO_PIC = NO;
				GCC_OPTIMIZATION_LEVEL = 0;
				GCC_PREPROCESSOR_DEFINITIONS = (
					"DEBUG=1",
					"$(inherited)",
				);
				GCC_SYMBOLS_PRIVATE_EXTERN = NO;
				GCC_WARN_ABOUT_RETURN_TYPE = YES_ERROR;
				GCC_WARN_UNDECLARED_SELECTOR = YES;
				GCC_WARN_UNINITIALIZED_AUTOS = YES;
				GCC_WARN_UNUSED_FUNCTION = YES;
				GCC_WARN_UNUSED_VARIABLE = YES;
				IPHONEOS_DEPLOYMENT_TARGET = 7.0;
				ONLY_ACTIVE_ARCH = YES;
				PRODUCT_NAME = CoderPuzzle;
				SDKROOT = iphoneos;
				TARGETED_DEVICE_FAMILY = "1,2";
			};
			name = Debug;
		};
		04E8940E179130C500E9573C /* Release */ = {
			isa = XCBuildConfiguration;
			buildSettings = {
				ALWAYS_SEARCH_USER_PATHS = NO;
				CLANG_CXX_LANGUAGE_STANDARD = "gnu++0x";
				CLANG_CXX_LIBRARY = "libc++";
				CLANG_ENABLE_MODULES = YES;
				CLANG_ENABLE_OBJC_ARC = YES;
				CLANG_WARN_BOOL_CONVERSION = YES;
				CLANG_WARN_CONSTANT_CONVERSION = YES;
				CLANG_WARN_DIRECT_OBJC_ISA_USAGE = YES_ERROR;
				CLANG_WARN_EMPTY_BODY = YES;
				CLANG_WARN_ENUM_CONVERSION = YES;
				CLANG_WARN_INT_CONVERSION = YES;
				CLANG_WARN_OBJC_ROOT_CLASS = YES_ERROR;
				CLANG_WARN__DUPLICATE_METHOD_MATCH = YES;
				"CODE_SIGN_IDENTITY[sdk=iphoneos*]" = "iPhone Developer";
				COPY_PHASE_STRIP = YES;
				ENABLE_NS_ASSERTIONS = NO;
				GCC_C_LANGUAGE_STANDARD = gnu99;
				GCC_WARN_ABOUT_RETURN_TYPE = YES_ERROR;
				GCC_WARN_UNDECLARED_SELECTOR = YES;
				GCC_WARN_UNINITIALIZED_AUTOS = YES;
				GCC_WARN_UNUSED_FUNCTION = YES;
				GCC_WARN_UNUSED_VARIABLE = YES;
				IPHONEOS_DEPLOYMENT_TARGET = 7.0;
				PRODUCT_NAME = CoderPuzzle;
				SDKROOT = iphoneos;
				TARGETED_DEVICE_FAMILY = "1,2";
				VALIDATE_PRODUCT = YES;
			};
			name = Release;
		};
		04E89410179130C500E9573C /* Debug */ = {
			isa = XCBuildConfiguration;
			baseConfigurationReference = CE556945BD3D45F797C729C0 /* Pods.xcconfig */;
			buildSettings = {
				ASSETCATALOG_COMPILER_APPICON_NAME = "AppIcon-2";
				ASSETCATALOG_COMPILER_LAUNCHIMAGE_NAME = LaunchImage;
				CODE_SIGN_ENTITLEMENTS = "";
				CODE_SIGN_IDENTITY = "iPhone Developer";
				"CODE_SIGN_IDENTITY[sdk=iphoneos*]" = "iPhone Developer";
				CODE_SIGN_RESOURCE_RULES_PATH = "";
				GCC_PRECOMPILE_PREFIX_HEADER = YES;
				GCC_PREFIX_HEADER = "MasterDetail/MasterDetail-Prefix.pch";
				HEADER_SEARCH_PATHS = (
					"\"${PODS_ROOT}/Headers\"",
					"\"${PODS_ROOT}/Headers/AFNetworking\"",
					"\"${PODS_ROOT}/Headers/SWRevealViewController\"",
				);
				INFOPLIST_FILE = "MasterDetail/MasterDetail-Info.plist";
				IPHONEOS_DEPLOYMENT_TARGET = 6.1;
				LIBRARY_SEARCH_PATHS = (
					"$(USER_LIBRARY_DIR)/Developer/Xcode/DerivedData/MasterDetail-apjbzzvtgthvysgkfdmzvmqvednm/Build/Products/Debug-iphoneos",
					"$(PROJECT_DIR)/Pods/build/Debug-iphoneos",
				);
				"LIBRARY_SEARCH_PATHS[sdk=iphoneos7.0]" = /Applications/Xcode.app/Contents/Developer/Platforms/iPhoneOS.platform/Developer/SDKs/iPhoneOS7.0.sdk/usr/lib;
				"LIBRARY_SEARCH_PATHS[sdk=iphonesimulator7.0]" = /Applications/Xcode.app/Contents/Developer/Platforms/iPhoneSimulator.platform/Developer/SDKs/iPhoneSimulator7.0.sdk/usr/lib/;
				ONLY_ACTIVE_ARCH = YES;
				PRODUCT_NAME = MasterDetail;
				PROVISIONING_PROFILE = "";
				SDKROOT = iphoneos;
				VALID_ARCHS = "armv7 armv7s";
				WRAPPER_EXTENSION = app;
			};
			name = Debug;
		};
		04E89411179130C500E9573C /* Release */ = {
			isa = XCBuildConfiguration;
			baseConfigurationReference = CE556945BD3D45F797C729C0 /* Pods.xcconfig */;
			buildSettings = {
				ASSETCATALOG_COMPILER_APPICON_NAME = "AppIcon-2";
				ASSETCATALOG_COMPILER_LAUNCHIMAGE_NAME = LaunchImage;
				CODE_SIGN_ENTITLEMENTS = "";
				CODE_SIGN_IDENTITY = "iPhone Developer";
				"CODE_SIGN_IDENTITY[sdk=iphoneos*]" = "iPhone Developer";
				CODE_SIGN_RESOURCE_RULES_PATH = "";
				GCC_PRECOMPILE_PREFIX_HEADER = YES;
				GCC_PREFIX_HEADER = "MasterDetail/MasterDetail-Prefix.pch";
				INFOPLIST_FILE = "MasterDetail/MasterDetail-Info.plist";
				IPHONEOS_DEPLOYMENT_TARGET = 6.1;
				LIBRARY_SEARCH_PATHS = (
					"$(USER_LIBRARY_DIR)/Developer/Xcode/DerivedData/MasterDetail-apjbzzvtgthvysgkfdmzvmqvednm/Build/Products/Debug-iphoneos",
					"$(PROJECT_DIR)/Pods/build/Debug-iphoneos",
				);
				"LIBRARY_SEARCH_PATHS[arch=*]" = "";
				ONLY_ACTIVE_ARCH = NO;
				PRODUCT_NAME = MasterDetail;
				PROVISIONING_PROFILE = "";
				SDKROOT = iphoneos;
				VALID_ARCHS = "armv7 armv7s";
				WRAPPER_EXTENSION = app;
			};
			name = Release;
		};
		04E89413179130C500E9573C /* Debug */ = {
			isa = XCBuildConfiguration;
			buildSettings = {
				BUNDLE_LOADER = "$(BUILT_PRODUCTS_DIR)/MasterDetail.app/MasterDetail";
				FRAMEWORK_SEARCH_PATHS = (
					"$(SDKROOT)/Developer/Library/Frameworks",
					"$(inherited)",
					"$(SYSTEM_APPS_DIR)/Xcode5-DP2.app/Contents/Developer/Library/Frameworks",
				);
				GCC_PRECOMPILE_PREFIX_HEADER = YES;
				GCC_PREFIX_HEADER = "MasterDetail/MasterDetail-Prefix.pch";
				GCC_PREPROCESSOR_DEFINITIONS = (
					"DEBUG=1",
					"$(inherited)",
				);
				INFOPLIST_FILE = "MasterDetailTests/MasterDetailTests-Info.plist";
				PRODUCT_NAME = MasterDetailTests;
				TEST_HOST = "$(BUNDLE_LOADER)";
				WRAPPER_EXTENSION = xctest;
			};
			name = Debug;
		};
		04E89414179130C500E9573C /* Release */ = {
			isa = XCBuildConfiguration;
			buildSettings = {
				BUNDLE_LOADER = "$(BUILT_PRODUCTS_DIR)/MasterDetail.app/MasterDetail";
				FRAMEWORK_SEARCH_PATHS = (
					"$(SDKROOT)/Developer/Library/Frameworks",
					"$(inherited)",
					"$(SYSTEM_APPS_DIR)/Xcode5-DP2.app/Contents/Developer/Library/Frameworks",
				);
				GCC_PRECOMPILE_PREFIX_HEADER = YES;
				GCC_PREFIX_HEADER = "MasterDetail/MasterDetail-Prefix.pch";
				INFOPLIST_FILE = "MasterDetailTests/MasterDetailTests-Info.plist";
				PRODUCT_NAME = MasterDetailTests;
				TEST_HOST = "$(BUNDLE_LOADER)";
				WRAPPER_EXTENSION = xctest;
			};
			name = Release;
		};
/* End XCBuildConfiguration section */

/* Begin XCConfigurationList section */
		04E893D2179130C400E9573C /* Build configuration list for PBXProject "MasterDetail" */ = {
			isa = XCConfigurationList;
			buildConfigurations = (
				04E8940D179130C500E9573C /* Debug */,
				04E8940E179130C500E9573C /* Release */,
			);
			defaultConfigurationIsVisible = 0;
			defaultConfigurationName = Release;
		};
		04E8940F179130C500E9573C /* Build configuration list for PBXNativeTarget "MasterDetail" */ = {
			isa = XCConfigurationList;
			buildConfigurations = (
				04E89410179130C500E9573C /* Debug */,
				04E89411179130C500E9573C /* Release */,
			);
			defaultConfigurationIsVisible = 0;
			defaultConfigurationName = Release;
		};
		04E89412179130C500E9573C /* Build configuration list for PBXNativeTarget "MasterDetailTests" */ = {
			isa = XCConfigurationList;
			buildConfigurations = (
				04E89413179130C500E9573C /* Debug */,
				04E89414179130C500E9573C /* Release */,
			);
			defaultConfigurationIsVisible = 0;
			defaultConfigurationName = Release;
		};
/* End XCConfigurationList section */
	};
	rootObject = 04E893CF179130C400E9573C /* Project object */;
}
